
Microsoft Visual Studio Solution File, Format Version 12.00
# Visual Studio Version 16
VisualStudioVersion = 16.0.30517.126
MinimumVisualStudioVersion = 10.0.40219.1
Project("{9A19103F-16F7-4668-BE54-9A1E7A4F7556}") = "MailSender", "MailSender\MailSender.csproj", "{61A9FF66-64DD-42BF-A614-A24E25012A37}"
EndProject
Project("{FAE04EC0-301F-11D3-BF4B-00C04F79EFBC}") = "EmailSendServiceClass", "EmailSendServiceClass\EmailSendServiceClass.csproj", "{83BD2210-83D1-445F-A109-19E285242636}"
EndProject
Global
	GlobalSection(SolutionConfigurationPlatforms) = preSolution
		Debug|Any CPU = Debug|Any CPU
		Release|Any CPU = Release|Any CPU
	EndGlobalSection
	GlobalSection(ProjectConfigurationPlatforms) = postSolution
		{61A9FF66-64DD-42BF-A614-A24E25012A37}.Debug|Any CPU.ActiveCfg = Debug|Any CPU
		{61A9FF66-64DD-42BF-A614-A24E25012A37}.Debug|Any CPU.Build.0 = Debug|Any CPU
		{61A9FF66-64DD-42BF-A614-A24E25012A37}.Release|Any CPU.ActiveCfg = Release|Any CPU
		{61A9FF66-64DD-42BF-A614-A24E25012A37}.Release|Any CPU.Build.0 = Release|Any CPU
		{83BD2210-83D1-445F-A109-19E285242636}.Debug|Any CPU.ActiveCfg = Debug|Any CPU
		{83BD2210-83D1-445F-A109-19E285242636}.Debug|Any CPU.Build.0 = Debug|Any CPU
		{83BD2210-83D1-445F-A109-19E285242636}.Release|Any CPU.ActiveCfg = Release|Any CPU
		{83BD2210-83D1-445F-A109-19E285242636}.Release|Any CPU.Build.0 = Release|Any CPU
	EndGlobalSection
	GlobalSection(SolutionProperties) = preSolution
		HideSolutionNode = FALSE
	EndGlobalSection
	GlobalSection(ExtensibilityGlobals) = postSolution
		SolutionGuid = {14E77FB0-6C5B-4F2B-B985-F275C8F5F255}
	EndGlobalSection
EndGlobal
